// !$*UTF8*$!
{
	archiveVersion = 1;
	classes = {
	};
	objectVersion = 56;
	objects = {

/* Begin PBXBuildFile section */
		11B472CB2AE29E36004A1CD2 /* ComwealthApp.swift in Sources */ = {isa = PBXBuildFile; fileRef = 11B472CA2AE29E36004A1CD2 /* ComwealthApp.swift */; };
		11B472CD2AE29E36004A1CD2 /* ContentView.swift in Sources */ = {isa = PBXBuildFile; fileRef = 11B472CC2AE29E36004A1CD2 /* ContentView.swift */; };
		11B472CF2AE29E37004A1CD2 /* Assets.xcassets in Resources */ = {isa = PBXBuildFile; fileRef = 11B472CE2AE29E37004A1CD2 /* Assets.xcassets */; };
		11B472D22AE29E37004A1CD2 /* Preview Assets.xcassets in Resources */ = {isa = PBXBuildFile; fileRef = 11B472D12AE29E37004A1CD2 /* Preview Assets.xcassets */; };
		11B472DB2AE2A274004A1CD2 /* SurveyView.swift in Sources */ = {isa = PBXBuildFile; fileRef = 11B472DA2AE2A274004A1CD2 /* SurveyView.swift */; };
		11B472DD2AE2A27D004A1CD2 /* SurveyModel.swift in Sources */ = {isa = PBXBuildFile; fileRef = 11B472DC2AE2A27D004A1CD2 /* SurveyModel.swift */; };
		11B472DF2AE2A2C2004A1CD2 /* SurveyQuestions.swift in Sources */ = {isa = PBXBuildFile; fileRef = 11B472DE2AE2A2C2004A1CD2 /* SurveyQuestions.swift */; };
		11B472E12AE2A2D7004A1CD2 /* SurveyHelper.swift in Sources */ = {isa = PBXBuildFile; fileRef = 11B472E02AE2A2D7004A1CD2 /* SurveyHelper.swift */; };
		11B472E32AE2A2E1004A1CD2 /* KeyboardAware.swift in Sources */ = {isa = PBXBuildFile; fileRef = 11B472E22AE2A2E1004A1CD2 /* KeyboardAware.swift */; };
		11B472E62AE2C074004A1CD2 /* SuggestionListView.swift in Sources */ = {isa = PBXBuildFile; fileRef = 11B472E52AE2C074004A1CD2 /* SuggestionListView.swift */; };
		11B472E82AE2C07F004A1CD2 /* SuggestionDetailsView.swift in Sources */ = {isa = PBXBuildFile; fileRef = 11B472E72AE2C07F004A1CD2 /* SuggestionDetailsView.swift */; };
		11B472EB2AE2C09B004A1CD2 /* SummaryView.swift in Sources */ = {isa = PBXBuildFile; fileRef = 11B472EA2AE2C09B004A1CD2 /* SummaryView.swift */; };
		783C25AC2AE3C915004A47F6 /* Color.swift in Sources */ = {isa = PBXBuildFile; fileRef = 783C25AB2AE3C915004A47F6 /* Color.swift */; };
/* End PBXBuildFile section */

/* Begin PBXFileReference section */
		11B472C72AE29E36004A1CD2 /* Comwealth.app */ = {isa = PBXFileReference; explicitFileType = wrapper.application; includeInIndex = 0; path = Comwealth.app; sourceTree = BUILT_PRODUCTS_DIR; };
		11B472CA2AE29E36004A1CD2 /* ComwealthApp.swift */ = {isa = PBXFileReference; lastKnownFileType = sourcecode.swift; path = ComwealthApp.swift; sourceTree = "<group>"; };
		11B472CC2AE29E36004A1CD2 /* ContentView.swift */ = {isa = PBXFileReference; lastKnownFileType = sourcecode.swift; path = ContentView.swift; sourceTree = "<group>"; };
		11B472CE2AE29E37004A1CD2 /* Assets.xcassets */ = {isa = PBXFileReference; lastKnownFileType = folder.assetcatalog; path = Assets.xcassets; sourceTree = "<group>"; };
		11B472D12AE29E37004A1CD2 /* Preview Assets.xcassets */ = {isa = PBXFileReference; lastKnownFileType = folder.assetcatalog; path = "Preview Assets.xcassets"; sourceTree = "<group>"; };
		11B472DA2AE2A274004A1CD2 /* SurveyView.swift */ = {isa = PBXFileReference; lastKnownFileType = sourcecode.swift; path = SurveyView.swift; sourceTree = "<group>"; };
		11B472DC2AE2A27D004A1CD2 /* SurveyModel.swift */ = {isa = PBXFileReference; lastKnownFileType = sourcecode.swift; path = SurveyModel.swift; sourceTree = "<group>"; };
		11B472DE2AE2A2C2004A1CD2 /* SurveyQuestions.swift */ = {isa = PBXFileReference; lastKnownFileType = sourcecode.swift; path = SurveyQuestions.swift; sourceTree = "<group>"; };
		11B472E02AE2A2D7004A1CD2 /* SurveyHelper.swift */ = {isa = PBXFileReference; lastKnownFileType = sourcecode.swift; path = SurveyHelper.swift; sourceTree = "<group>"; };
		11B472E22AE2A2E1004A1CD2 /* KeyboardAware.swift */ = {isa = PBXFileReference; lastKnownFileType = sourcecode.swift; path = KeyboardAware.swift; sourceTree = "<group>"; };
		11B472E52AE2C074004A1CD2 /* SuggestionListView.swift */ = {isa = PBXFileReference; lastKnownFileType = sourcecode.swift; path = SuggestionListView.swift; sourceTree = "<group>"; };
		11B472E72AE2C07F004A1CD2 /* SuggestionDetailsView.swift */ = {isa = PBXFileReference; lastKnownFileType = sourcecode.swift; path = SuggestionDetailsView.swift; sourceTree = "<group>"; };
		11B472EA2AE2C09B004A1CD2 /* SummaryView.swift */ = {isa = PBXFileReference; lastKnownFileType = sourcecode.swift; path = SummaryView.swift; sourceTree = "<group>"; };
		783C25AB2AE3C915004A47F6 /* Color.swift */ = {isa = PBXFileReference; lastKnownFileType = sourcecode.swift; name = Color.swift; path = comwealth/Helpers/Color.swift; sourceTree = SOURCE_ROOT; };
/* End PBXFileReference section */

/* Begin PBXFrameworksBuildPhase section */
		11B472C42AE29E36004A1CD2 /* Frameworks */ = {
			isa = PBXFrameworksBuildPhase;
			buildActionMask = 2147483647;
			files = (
			);
			runOnlyForDeploymentPostprocessing = 0;
		};
/* End PBXFrameworksBuildPhase section */

/* Begin PBXGroup section */
		11B472BE2AE29E36004A1CD2 = {
			isa = PBXGroup;
			children = (
				11B472C92AE29E36004A1CD2 /* Comwealth */,
				11B472C82AE29E36004A1CD2 /* Products */,
			);
			sourceTree = "<group>";
		};
		11B472C82AE29E36004A1CD2 /* Products */ = {
			isa = PBXGroup;
			children = (
				11B472C72AE29E36004A1CD2 /* Comwealth.app */,
			);
			name = Products;
			sourceTree = "<group>";
		};
		11B472C92AE29E36004A1CD2 /* Comwealth */ = {
			isa = PBXGroup;
			children = (
				11B472CA2AE29E36004A1CD2 /* ComwealthApp.swift */,
				11B472CC2AE29E36004A1CD2 /* ContentView.swift */,
				11B472E92AE2C089004A1CD2 /* Summary */,
				11B472E42AE2C049004A1CD2 /* Suggestions */,
				11B472D82AE29ED4004A1CD2 /* Survey */,
				11B472D92AE29EE3004A1CD2 /* Helpers */,
				11B472CE2AE29E37004A1CD2 /* Assets.xcassets */,
				11B472D02AE29E37004A1CD2 /* Preview Content */,
			);
			path = Comwealth;
			sourceTree = "<group>";
		};
		11B472D02AE29E37004A1CD2 /* Preview Content */ = {
			isa = PBXGroup;
			children = (
				11B472D12AE29E37004A1CD2 /* Preview Assets.xcassets */,
			);
			path = "Preview Content";
			sourceTree = "<group>";
		};
		11B472D82AE29ED4004A1CD2 /* Survey */ = {
			isa = PBXGroup;
			children = (
				11B472DA2AE2A274004A1CD2 /* SurveyView.swift */,
				11B472DC2AE2A27D004A1CD2 /* SurveyModel.swift */,
				11B472DE2AE2A2C2004A1CD2 /* SurveyQuestions.swift */,
			);
			path = Survey;
			sourceTree = "<group>";
		};
		11B472D92AE29EE3004A1CD2 /* Helpers */ = {
			isa = PBXGroup;
			children = (
				11B472E02AE2A2D7004A1CD2 /* SurveyHelper.swift */,
				11B472E22AE2A2E1004A1CD2 /* KeyboardAware.swift */,
				783C25AB2AE3C915004A47F6 /* Color.swift */,
			);
			path = Helpers;
			sourceTree = "<group>";
		};
		11B472E42AE2C049004A1CD2 /* Suggestions */ = {
			isa = PBXGroup;
			children = (
				11B472E52AE2C074004A1CD2 /* SuggestionListView.swift */,
				11B472E72AE2C07F004A1CD2 /* SuggestionDetailsView.swift */,
			);
			path = Suggestions;
			sourceTree = "<group>";
		};
		11B472E92AE2C089004A1CD2 /* Summary */ = {
			isa = PBXGroup;
			children = (
				11B472EA2AE2C09B004A1CD2 /* SummaryView.swift */,
			);
			path = Summary;
			sourceTree = "<group>";
		};
/* End PBXGroup section */

/* Begin PBXNativeTarget section */
		11B472C62AE29E36004A1CD2 /* Comwealth */ = {
			isa = PBXNativeTarget;
			buildConfigurationList = 11B472D52AE29E37004A1CD2 /* Build configuration list for PBXNativeTarget "Comwealth" */;
			buildPhases = (
				11B472C32AE29E36004A1CD2 /* Sources */,
				11B472C42AE29E36004A1CD2 /* Frameworks */,
				11B472C52AE29E36004A1CD2 /* Resources */,
			);
			buildRules = (
			);
			dependencies = (
			);
			name = Comwealth;
			productName = Comwealth;
			productReference = 11B472C72AE29E36004A1CD2 /* Comwealth.app */;
			productType = "com.apple.product-type.application";
		};
/* End PBXNativeTarget section */

/* Begin PBXProject section */
		11B472BF2AE29E36004A1CD2 /* Project object */ = {
			isa = PBXProject;
			attributes = {
				BuildIndependentTargetsInParallel = 1;
				LastSwiftUpdateCheck = 1500;
				LastUpgradeCheck = 1500;
				TargetAttributes = {
					11B472C62AE29E36004A1CD2 = {
						CreatedOnToolsVersion = 15.0;
					};
				};
			};
			buildConfigurationList = 11B472C22AE29E36004A1CD2 /* Build configuration list for PBXProject "comwealth" */;
			compatibilityVersion = "Xcode 14.0";
			developmentRegion = en;
			hasScannedForEncodings = 0;
			knownRegions = (
				en,
				Base,
			);
			mainGroup = 11B472BE2AE29E36004A1CD2;
			productRefGroup = 11B472C82AE29E36004A1CD2 /* Products */;
			projectDirPath = "";
			projectRoot = "";
			targets = (
				11B472C62AE29E36004A1CD2 /* Comwealth */,
			);
		};
/* End PBXProject section */

/* Begin PBXResourcesBuildPhase section */
		11B472C52AE29E36004A1CD2 /* Resources */ = {
			isa = PBXResourcesBuildPhase;
			buildActionMask = 2147483647;
			files = (
				11B472D22AE29E37004A1CD2 /* Preview Assets.xcassets in Resources */,
				11B472CF2AE29E37004A1CD2 /* Assets.xcassets in Resources */,
			);
			runOnlyForDeploymentPostprocessing = 0;
		};
/* End PBXResourcesBuildPhase section */

/* Begin PBXSourcesBuildPhase section */
		11B472C32AE29E36004A1CD2 /* Sources */ = {
			isa = PBXSourcesBuildPhase;
			buildActionMask = 2147483647;
			files = (
				11B472DF2AE2A2C2004A1CD2 /* SurveyQuestions.swift in Sources */,
				11B472E12AE2A2D7004A1CD2 /* SurveyHelper.swift in Sources */,
				783C25AC2AE3C915004A47F6 /* Color.swift in Sources */,
				11B472E62AE2C074004A1CD2 /* SuggestionListView.swift in Sources */,
				11B472CD2AE29E36004A1CD2 /* ContentView.swift in Sources */,
				11B472CB2AE29E36004A1CD2 /* ComwealthApp.swift in Sources */,
				11B472E82AE2C07F004A1CD2 /* SuggestionDetailsView.swift in Sources */,
				11B472DB2AE2A274004A1CD2 /* SurveyView.swift in Sources */,
				11B472EB2AE2C09B004A1CD2 /* SummaryView.swift in Sources */,
				11B472E32AE2A2E1004A1CD2 /* KeyboardAware.swift in Sources */,
				11B472DD2AE2A27D004A1CD2 /* SurveyModel.swift in Sources */,
			);
			runOnlyForDeploymentPostprocessing = 0;
		};
/* End PBXSourcesBuildPhase section */

/* Begin XCBuildConfiguration section */
		11B472D32AE29E37004A1CD2 /* Debug */ = {
			isa = XCBuildConfiguration;
			buildSettings = {
				ALWAYS_SEARCH_USER_PATHS = NO;
				ASSETCATALOG_COMPILER_GENERATE_SWIFT_ASSET_SYMBOL_EXTENSIONS = YES;
				CLANG_ANALYZER_NONNULL = YES;
				CLANG_ANALYZER_NUMBER_OBJECT_CONVERSION = YES_AGGRESSIVE;
				CLANG_CXX_LANGUAGE_STANDARD = "gnu++20";
				CLANG_ENABLE_MODULES = YES;
				CLANG_ENABLE_OBJC_ARC = YES;
				CLANG_ENABLE_OBJC_WEAK = YES;
				CLANG_WARN_BLOCK_CAPTURE_AUTORELEASING = YES;
				CLANG_WARN_BOOL_CONVERSION = YES;
				CLANG_WARN_COMMA = YES;
				CLANG_WARN_CONSTANT_CONVERSION = YES;
				CLANG_WARN_DEPRECATED_OBJC_IMPLEMENTATIONS = YES;
				CLANG_WARN_DIRECT_OBJC_ISA_USAGE = YES_ERROR;
				CLANG_WARN_DOCUMENTATION_COMMENTS = YES;
				CLANG_WARN_EMPTY_BODY = YES;
				CLANG_WARN_ENUM_CONVERSION = YES;
				CLANG_WARN_INFINITE_RECURSION = YES;
				CLANG_WARN_INT_CONVERSION = YES;
				CLANG_WARN_NON_LITERAL_NULL_CONVERSION = YES;
				CLANG_WARN_OBJC_IMPLICIT_RETAIN_SELF = YES;
				CLANG_WARN_OBJC_LITERAL_CONVERSION = YES;
				CLANG_WARN_OBJC_ROOT_CLASS = YES_ERROR;
				CLANG_WARN_QUOTED_INCLUDE_IN_FRAMEWORK_HEADER = YES;
				CLANG_WARN_RANGE_LOOP_ANALYSIS = YES;
				CLANG_WARN_STRICT_PROTOTYPES = YES;
				CLANG_WARN_SUSPICIOUS_MOVE = YES;
				CLANG_WARN_UNGUARDED_AVAILABILITY = YES_AGGRESSIVE;
				CLANG_WARN_UNREACHABLE_CODE = YES;
				CLANG_WARN__DUPLICATE_METHOD_MATCH = YES;
				COPY_PHASE_STRIP = NO;
				DEBUG_INFORMATION_FORMAT = dwarf;
				ENABLE_STRICT_OBJC_MSGSEND = YES;
				ENABLE_TESTABILITY = YES;
				ENABLE_USER_SCRIPT_SANDBOXING = YES;
				GCC_C_LANGUAGE_STANDARD = gnu17;
				GCC_DYNAMIC_NO_PIC = NO;
				GCC_NO_COMMON_BLOCKS = YES;
				GCC_OPTIMIZATION_LEVEL = 0;
				GCC_PREPROCESSOR_DEFINITIONS = (
					"DEBUG=1",
					"$(inherited)",
				);
				GCC_WARN_64_TO_32_BIT_CONVERSION = YES;
				GCC_WARN_ABOUT_RETURN_TYPE = YES_ERROR;
				GCC_WARN_UNDECLARED_SELECTOR = YES;
				GCC_WARN_UNINITIALIZED_AUTOS = YES_AGGRESSIVE;
				GCC_WARN_UNUSED_FUNCTION = YES;
				GCC_WARN_UNUSED_VARIABLE = YES;
				IPHONEOS_DEPLOYMENT_TARGET = 17.0;
				LOCALIZATION_PREFERS_STRING_CATALOGS = YES;
				MTL_ENABLE_DEBUG_INFO = INCLUDE_SOURCE;
				MTL_FAST_MATH = YES;
				ONLY_ACTIVE_ARCH = YES;
				SDKROOT = iphoneos;
				SWIFT_ACTIVE_COMPILATION_CONDITIONS = "DEBUG $(inherited)";
				SWIFT_OPTIMIZATION_LEVEL = "-Onone";
			};
			name = Debug;
		};
		11B472D42AE29E37004A1CD2 /* Release */ = {
			isa = XCBuildConfiguration;
			buildSettings = {
				ALWAYS_SEARCH_USER_PATHS = NO;
				ASSETCATALOG_COMPILER_GENERATE_SWIFT_ASSET_SYMBOL_EXTENSIONS = YES;
				CLANG_ANALYZER_NONNULL = YES;
				CLANG_ANALYZER_NUMBER_OBJECT_CONVERSION = YES_AGGRESSIVE;
				CLANG_CXX_LANGUAGE_STANDARD = "gnu++20";
				CLANG_ENABLE_MODULES = YES;
				CLANG_ENABLE_OBJC_ARC = YES;
				CLANG_ENABLE_OBJC_WEAK = YES;
				CLANG_WARN_BLOCK_CAPTURE_AUTORELEASING = YES;
				CLANG_WARN_BOOL_CONVERSION = YES;
				CLANG_WARN_COMMA = YES;
				CLANG_WARN_CONSTANT_CONVERSION = YES;
				CLANG_WARN_DEPRECATED_OBJC_IMPLEMENTATIONS = YES;
				CLANG_WARN_DIRECT_OBJC_ISA_USAGE = YES_ERROR;
				CLANG_WARN_DOCUMENTATION_COMMENTS = YES;
				CLANG_WARN_EMPTY_BODY = YES;
				CLANG_WARN_ENUM_CONVERSION = YES;
				CLANG_WARN_INFINITE_RECURSION = YES;
				CLANG_WARN_INT_CONVERSION = YES;
				CLANG_WARN_NON_LITERAL_NULL_CONVERSION = YES;
				CLANG_WARN_OBJC_IMPLICIT_RETAIN_SELF = YES;
				CLANG_WARN_OBJC_LITERAL_CONVERSION = YES;
				CLANG_WARN_OBJC_ROOT_CLASS = YES_ERROR;
				CLANG_WARN_QUOTED_INCLUDE_IN_FRAMEWORK_HEADER = YES;
				CLANG_WARN_RANGE_LOOP_ANALYSIS = YES;
				CLANG_WARN_STRICT_PROTOTYPES = YES;
				CLANG_WARN_SUSPICIOUS_MOVE = YES;
				CLANG_WARN_UNGUARDED_AVAILABILITY = YES_AGGRESSIVE;
				CLANG_WARN_UNREACHABLE_CODE = YES;
				CLANG_WARN__DUPLICATE_METHOD_MATCH = YES;
				COPY_PHASE_STRIP = NO;
				DEBUG_INFORMATION_FORMAT = "dwarf-with-dsym";
				ENABLE_NS_ASSERTIONS = NO;
				ENABLE_STRICT_OBJC_MSGSEND = YES;
				ENABLE_USER_SCRIPT_SANDBOXING = YES;
				GCC_C_LANGUAGE_STANDARD = gnu17;
				GCC_NO_COMMON_BLOCKS = YES;
				GCC_WARN_64_TO_32_BIT_CONVERSION = YES;
				GCC_WARN_ABOUT_RETURN_TYPE = YES_ERROR;
				GCC_WARN_UNDECLARED_SELECTOR = YES;
				GCC_WARN_UNINITIALIZED_AUTOS = YES_AGGRESSIVE;
				GCC_WARN_UNUSED_FUNCTION = YES;
				GCC_WARN_UNUSED_VARIABLE = YES;
				IPHONEOS_DEPLOYMENT_TARGET = 17.0;
				LOCALIZATION_PREFERS_STRING_CATALOGS = YES;
				MTL_ENABLE_DEBUG_INFO = NO;
				MTL_FAST_MATH = YES;
				SDKROOT = iphoneos;
				SWIFT_COMPILATION_MODE = wholemodule;
				VALIDATE_PRODUCT = YES;
			};
			name = Release;
		};
		11B472D62AE29E37004A1CD2 /* Debug */ = {
			isa = XCBuildConfiguration;
			buildSettings = {
				ASSETCATALOG_COMPILER_APPICON_NAME = AppIcon;
				ASSETCATALOG_COMPILER_GLOBAL_ACCENT_COLOR_NAME = AccentColor;
				CODE_SIGN_STYLE = Automatic;
				CURRENT_PROJECT_VERSION = 1;
				DEVELOPMENT_ASSET_PATHS = "\"Comwealth/Preview Content\"";
				ENABLE_PREVIEWS = YES;
				GENERATE_INFOPLIST_FILE = YES;
				INFOPLIST_KEY_CFBundleDisplayName = comwealth;
				INFOPLIST_KEY_UIApplicationSceneManifest_Generation = YES;
				INFOPLIST_KEY_UIApplicationSupportsIndirectInputEvents = YES;
				INFOPLIST_KEY_UILaunchScreen_Generation = YES;
				INFOPLIST_KEY_UISupportedInterfaceOrientations = UIInterfaceOrientationPortrait;
				IPHONEOS_DEPLOYMENT_TARGET = 16.0;
				LD_RUNPATH_SEARCH_PATHS = (
					"$(inherited)",
					"@executable_path/Frameworks",
				);
				MARKETING_VERSION = 1.0;
				PRODUCT_BUNDLE_IDENTIFIER = com.triplea.Comwealth;
				PRODUCT_NAME = "$(TARGET_NAME)";
				SWIFT_EMIT_LOC_STRINGS = YES;
				SWIFT_VERSION = 5.0;
				TARGETED_DEVICE_FAMILY = "1,2";
			};
			name = Debug;
		};
		11B472D72AE29E37004A1CD2 /* Release */ = {
			isa = XCBuildConfiguration;
			buildSettings = {
				ASSETCATALOG_COMPILER_APPICON_NAME = AppIcon;
				ASSETCATALOG_COMPILER_GLOBAL_ACCENT_COLOR_NAME = AccentColor;
				CODE_SIGN_STYLE = Automatic;
				CURRENT_PROJECT_VERSION = 1;
				DEVELOPMENT_ASSET_PATHS = "\"Comwealth/Preview Content\"";
				ENABLE_PREVIEWS = YES;
				GENERATE_INFOPLIST_FILE = YES;
				INFOPLIST_KEY_CFBundleDisplayName = comwealth;
				INFOPLIST_KEY_UIApplicationSceneManifest_Generation = YES;
				INFOPLIST_KEY_UIApplicationSupportsIndirectInputEvents = YES;
				INFOPLIST_KEY_UILaunchScreen_Generation = YES;
				INFOPLIST_KEY_UISupportedInterfaceOrientations = UIInterfaceOrientationPortrait;
				IPHONEOS_DEPLOYMENT_TARGET = 16.0;
				LD_RUNPATH_SEARCH_PATHS = (
					"$(inherited)",
					"@executable_path/Frameworks",
				);
				MARKETING_VERSION = 1.0;
				PRODUCT_BUNDLE_IDENTIFIER = com.triplea.Comwealth;
				PRODUCT_NAME = "$(TARGET_NAME)";
				SWIFT_EMIT_LOC_STRINGS = YES;
				SWIFT_VERSION = 5.0;
				TARGETED_DEVICE_FAMILY = "1,2";
			};
			name = Release;
		};
/* End XCBuildConfiguration section */

/* Begin XCConfigurationList section */
		11B472C22AE29E36004A1CD2 /* Build configuration list for PBXProject "comwealth" */ = {
			isa = XCConfigurationList;
			buildConfigurations = (
				11B472D32AE29E37004A1CD2 /* Debug */,
				11B472D42AE29E37004A1CD2 /* Release */,
			);
			defaultConfigurationIsVisible = 0;
			defaultConfigurationName = Release;
		};
		11B472D52AE29E37004A1CD2 /* Build configuration list for PBXNativeTarget "Comwealth" */ = {
			isa = XCConfigurationList;
			buildConfigurations = (
				11B472D62AE29E37004A1CD2 /* Debug */,
				11B472D72AE29E37004A1CD2 /* Release */,
			);
			defaultConfigurationIsVisible = 0;
			defaultConfigurationName = Release;
		};
/* End XCConfigurationList section */
	};
	rootObject = 11B472BF2AE29E36004A1CD2 /* Project object */;
}
